// !$*UTF8*$!
{
	archiveVersion = 1;
	classes = {
	};
	objectVersion = 56;
	objects = {

/* Begin PBXBuildFile section */
		4026404B2AA08A0900CC9AF9 /* FavoriteCell.swift in Sources */ = {isa = PBXBuildFile; fileRef = 4026404A2AA08A0900CC9AF9 /* FavoriteCell.swift */; };
		402E685C2A9200170058643D /* GFUserInfoHeaderVC.swift in Sources */ = {isa = PBXBuildFile; fileRef = 402E685B2A9200170058643D /* GFUserInfoHeaderVC.swift */; };
		402E685E2A9200E40058643D /* GFSecondaryTitleLabel.swift in Sources */ = {isa = PBXBuildFile; fileRef = 402E685D2A9200E40058643D /* GFSecondaryTitleLabel.swift */; };
		4044A99E2A8C114500141458 /* UIViewController+Ext.swift in Sources */ = {isa = PBXBuildFile; fileRef = 4044A99D2A8C114500141458 /* UIViewController+Ext.swift */; };
		4044B5492A91192F002AF13E /* UserInfoVC.swift in Sources */ = {isa = PBXBuildFile; fileRef = 4044B5482A91192F002AF13E /* UserInfoVC.swift */; };
		40524A542A8BB0EE00383907 /* GFAlertVC.swift in Sources */ = {isa = PBXBuildFile; fileRef = 40524A532A8BB0ED00383907 /* GFAlertVC.swift */; };
		405716B12A953ACC001E145A /* GFItemInfoView.swift in Sources */ = {isa = PBXBuildFile; fileRef = 405716B02A953ACC001E145A /* GFItemInfoView.swift */; };
		40710EB22A8F5B26007BB2F2 /* UIHelper.swift in Sources */ = {isa = PBXBuildFile; fileRef = 40710EB12A8F5B26007BB2F2 /* UIHelper.swift */; };
		408652B42A9641F200FC1D95 /* GFItemInfoVC.swift in Sources */ = {isa = PBXBuildFile; fileRef = 408652B32A9641F100FC1D95 /* GFItemInfoVC.swift */; };
		408652B62A9649CE00FC1D95 /* GFRepoItemVC.swift in Sources */ = {isa = PBXBuildFile; fileRef = 408652B52A9649CE00FC1D95 /* GFRepoItemVC.swift */; };
		408652B82A96538D00FC1D95 /* GFFollowerItemVC.swift in Sources */ = {isa = PBXBuildFile; fileRef = 408652B72A96538D00FC1D95 /* GFFollowerItemVC.swift */; };
		408652BB2A965CE200FC1D95 /* Date+Ext.swift in Sources */ = {isa = PBXBuildFile; fileRef = 408652BA2A965CE200FC1D95 /* Date+Ext.swift */; };
		408652BD2A965D1300FC1D95 /* String+Ext.swift in Sources */ = {isa = PBXBuildFile; fileRef = 408652BC2A965D1300FC1D95 /* String+Ext.swift */; };
		4088C0742A87833400A0EFB6 /* GFButton.swift in Sources */ = {isa = PBXBuildFile; fileRef = 4088C0732A87833400A0EFB6 /* GFButton.swift */; };
		4088C0762A87884400A0EFB6 /* GFTexField.swift in Sources */ = {isa = PBXBuildFile; fileRef = 4088C0752A87884400A0EFB6 /* GFTexField.swift */; };
		409D97972A864273007DA114 /* AppDelegate.swift in Sources */ = {isa = PBXBuildFile; fileRef = 409D97962A864273007DA114 /* AppDelegate.swift */; };
		409D97992A864273007DA114 /* SceneDelegate.swift in Sources */ = {isa = PBXBuildFile; fileRef = 409D97982A864273007DA114 /* SceneDelegate.swift */; };
		409D97A02A864276007DA114 /* Assets.xcassets in Resources */ = {isa = PBXBuildFile; fileRef = 409D979F2A864276007DA114 /* Assets.xcassets */; };
		409D97A32A864276007DA114 /* LaunchScreen.storyboard in Resources */ = {isa = PBXBuildFile; fileRef = 409D97A12A864276007DA114 /* LaunchScreen.storyboard */; };
		409D97AB2A867B76007DA114 /* SearchVC.swift in Sources */ = {isa = PBXBuildFile; fileRef = 409D97AA2A867B76007DA114 /* SearchVC.swift */; };
		409D97AD2A867BC5007DA114 /* FavoritesListVC.swift in Sources */ = {isa = PBXBuildFile; fileRef = 409D97AC2A867BC5007DA114 /* FavoritesListVC.swift */; };
		409FCE662A8CA8ED007EAA46 /* Follower.swift in Sources */ = {isa = PBXBuildFile; fileRef = 409FCE652A8CA8ED007EAA46 /* Follower.swift */; };
		409FCE682A8CA967007EAA46 /* User.swift in Sources */ = {isa = PBXBuildFile; fileRef = 409FCE672A8CA967007EAA46 /* User.swift */; };
		409FCE6B2A8CBAA4007EAA46 /* NetworkManager.swift in Sources */ = {isa = PBXBuildFile; fileRef = 409FCE6A2A8CBAA4007EAA46 /* NetworkManager.swift */; };
		40A2936E2A90A7C00065B552 /* GFEmptyStateView.swift in Sources */ = {isa = PBXBuildFile; fileRef = 40A2936D2A90A7C00065B552 /* GFEmptyStateView.swift */; };
		40BB70322A88D51400E61630 /* FollowerListVC.swift in Sources */ = {isa = PBXBuildFile; fileRef = 40BB70312A88D51400E61630 /* FollowerListVC.swift */; };
		40BB70342A88E7C400E61630 /* GFTitleLabel.swift in Sources */ = {isa = PBXBuildFile; fileRef = 40BB70332A88E7C400E61630 /* GFTitleLabel.swift */; };
		40BB70362A88EBA100E61630 /* GFBodyLabel.swift in Sources */ = {isa = PBXBuildFile; fileRef = 40BB70352A88EBA100E61630 /* GFBodyLabel.swift */; };
		40CEDE782A934F27009A2007 /* Constants.swift in Sources */ = {isa = PBXBuildFile; fileRef = 40CEDE772A934F27009A2007 /* Constants.swift */; };
		40E67A2D2A9E1CD2006520BC /* PersistanceManager.swift in Sources */ = {isa = PBXBuildFile; fileRef = 40E67A2C2A9E1CD2006520BC /* PersistanceManager.swift */; };
		40F772442A8D0C2D0002D6EF /* GFError.swift in Sources */ = {isa = PBXBuildFile; fileRef = 40F772432A8D0C2D0002D6EF /* GFError.swift */; };
		40F772472A8D23A20002D6EF /* FollowerCell.swift in Sources */ = {isa = PBXBuildFile; fileRef = 40F772462A8D23A20002D6EF /* FollowerCell.swift */; };
		40F772492A8D24790002D6EF /* GFAvatarImageView.swift in Sources */ = {isa = PBXBuildFile; fileRef = 40F772482A8D24790002D6EF /* GFAvatarImageView.swift */; };
		40FAC3F42AA1D10800EF1025 /* GFTabBarController.swift in Sources */ = {isa = PBXBuildFile; fileRef = 40FAC3F32AA1D10800EF1025 /* GFTabBarController.swift */; };
/* End PBXBuildFile section */

/* Begin PBXFileReference section */
		4026404A2AA08A0900CC9AF9 /* FavoriteCell.swift */ = {isa = PBXFileReference; lastKnownFileType = sourcecode.swift; path = FavoriteCell.swift; sourceTree = "<group>"; };
		402E685B2A9200170058643D /* GFUserInfoHeaderVC.swift */ = {isa = PBXFileReference; lastKnownFileType = sourcecode.swift; path = GFUserInfoHeaderVC.swift; sourceTree = "<group>"; };
		402E685D2A9200E40058643D /* GFSecondaryTitleLabel.swift */ = {isa = PBXFileReference; lastKnownFileType = sourcecode.swift; path = GFSecondaryTitleLabel.swift; sourceTree = "<group>"; };
		4044A99D2A8C114500141458 /* UIViewController+Ext.swift */ = {isa = PBXFileReference; lastKnownFileType = sourcecode.swift; path = "UIViewController+Ext.swift"; sourceTree = "<group>"; };
		4044B5482A91192F002AF13E /* UserInfoVC.swift */ = {isa = PBXFileReference; lastKnownFileType = sourcecode.swift; path = UserInfoVC.swift; sourceTree = "<group>"; };
		40524A532A8BB0ED00383907 /* GFAlertVC.swift */ = {isa = PBXFileReference; lastKnownFileType = sourcecode.swift; path = GFAlertVC.swift; sourceTree = "<group>"; };
		405716B02A953ACC001E145A /* GFItemInfoView.swift */ = {isa = PBXFileReference; lastKnownFileType = sourcecode.swift; path = GFItemInfoView.swift; sourceTree = "<group>"; };
		40710EB12A8F5B26007BB2F2 /* UIHelper.swift */ = {isa = PBXFileReference; lastKnownFileType = sourcecode.swift; path = UIHelper.swift; sourceTree = "<group>"; };
		408652B32A9641F100FC1D95 /* GFItemInfoVC.swift */ = {isa = PBXFileReference; lastKnownFileType = sourcecode.swift; path = GFItemInfoVC.swift; sourceTree = "<group>"; };
		408652B52A9649CE00FC1D95 /* GFRepoItemVC.swift */ = {isa = PBXFileReference; lastKnownFileType = sourcecode.swift; path = GFRepoItemVC.swift; sourceTree = "<group>"; };
		408652B72A96538D00FC1D95 /* GFFollowerItemVC.swift */ = {isa = PBXFileReference; lastKnownFileType = sourcecode.swift; path = GFFollowerItemVC.swift; sourceTree = "<group>"; };
		408652BA2A965CE200FC1D95 /* Date+Ext.swift */ = {isa = PBXFileReference; lastKnownFileType = sourcecode.swift; path = "Date+Ext.swift"; sourceTree = "<group>"; };
		408652BC2A965D1300FC1D95 /* String+Ext.swift */ = {isa = PBXFileReference; lastKnownFileType = sourcecode.swift; path = "String+Ext.swift"; sourceTree = "<group>"; };
		4088C0732A87833400A0EFB6 /* GFButton.swift */ = {isa = PBXFileReference; lastKnownFileType = sourcecode.swift; path = GFButton.swift; sourceTree = "<group>"; };
		4088C0752A87884400A0EFB6 /* GFTexField.swift */ = {isa = PBXFileReference; lastKnownFileType = sourcecode.swift; path = GFTexField.swift; sourceTree = "<group>"; };
		409D97932A864273007DA114 /* GHFollowers.app */ = {isa = PBXFileReference; explicitFileType = wrapper.application; includeInIndex = 0; path = GHFollowers.app; sourceTree = BUILT_PRODUCTS_DIR; };
		409D97962A864273007DA114 /* AppDelegate.swift */ = {isa = PBXFileReference; lastKnownFileType = sourcecode.swift; path = AppDelegate.swift; sourceTree = "<group>"; };
		409D97982A864273007DA114 /* SceneDelegate.swift */ = {isa = PBXFileReference; lastKnownFileType = sourcecode.swift; path = SceneDelegate.swift; sourceTree = "<group>"; };
		409D979F2A864276007DA114 /* Assets.xcassets */ = {isa = PBXFileReference; lastKnownFileType = folder.assetcatalog; path = Assets.xcassets; sourceTree = "<group>"; };
		409D97A22A864276007DA114 /* Base */ = {isa = PBXFileReference; lastKnownFileType = file.storyboard; name = Base; path = Base.lproj/LaunchScreen.storyboard; sourceTree = "<group>"; };
		409D97A42A864276007DA114 /* Info.plist */ = {isa = PBXFileReference; lastKnownFileType = text.plist.xml; path = Info.plist; sourceTree = "<group>"; };
		409D97AA2A867B76007DA114 /* SearchVC.swift */ = {isa = PBXFileReference; lastKnownFileType = sourcecode.swift; path = SearchVC.swift; sourceTree = "<group>"; };
		409D97AC2A867BC5007DA114 /* FavoritesListVC.swift */ = {isa = PBXFileReference; lastKnownFileType = sourcecode.swift; path = FavoritesListVC.swift; sourceTree = "<group>"; };
		409FCE652A8CA8ED007EAA46 /* Follower.swift */ = {isa = PBXFileReference; lastKnownFileType = sourcecode.swift; path = Follower.swift; sourceTree = "<group>"; };
		409FCE672A8CA967007EAA46 /* User.swift */ = {isa = PBXFileReference; lastKnownFileType = sourcecode.swift; path = User.swift; sourceTree = "<group>"; };
		409FCE6A2A8CBAA4007EAA46 /* NetworkManager.swift */ = {isa = PBXFileReference; lastKnownFileType = sourcecode.swift; path = NetworkManager.swift; sourceTree = "<group>"; };
		40A2936D2A90A7C00065B552 /* GFEmptyStateView.swift */ = {isa = PBXFileReference; lastKnownFileType = sourcecode.swift; path = GFEmptyStateView.swift; sourceTree = "<group>"; };
		40BB70312A88D51400E61630 /* FollowerListVC.swift */ = {isa = PBXFileReference; lastKnownFileType = sourcecode.swift; path = FollowerListVC.swift; sourceTree = "<group>"; };
		40BB70332A88E7C400E61630 /* GFTitleLabel.swift */ = {isa = PBXFileReference; lastKnownFileType = sourcecode.swift; path = GFTitleLabel.swift; sourceTree = "<group>"; };
		40BB70352A88EBA100E61630 /* GFBodyLabel.swift */ = {isa = PBXFileReference; lastKnownFileType = sourcecode.swift; path = GFBodyLabel.swift; sourceTree = "<group>"; };
		40CEDE772A934F27009A2007 /* Constants.swift */ = {isa = PBXFileReference; lastKnownFileType = sourcecode.swift; path = Constants.swift; sourceTree = "<group>"; };
		40E67A2C2A9E1CD2006520BC /* PersistanceManager.swift */ = {isa = PBXFileReference; lastKnownFileType = sourcecode.swift; path = PersistanceManager.swift; sourceTree = "<group>"; };
		40F772432A8D0C2D0002D6EF /* GFError.swift */ = {isa = PBXFileReference; lastKnownFileType = sourcecode.swift; path = GFError.swift; sourceTree = "<group>"; };
		40F772462A8D23A20002D6EF /* FollowerCell.swift */ = {isa = PBXFileReference; lastKnownFileType = sourcecode.swift; path = FollowerCell.swift; sourceTree = "<group>"; };
		40F772482A8D24790002D6EF /* GFAvatarImageView.swift */ = {isa = PBXFileReference; lastKnownFileType = sourcecode.swift; path = GFAvatarImageView.swift; sourceTree = "<group>"; };
		40FAC3F32AA1D10800EF1025 /* GFTabBarController.swift */ = {isa = PBXFileReference; lastKnownFileType = sourcecode.swift; path = GFTabBarController.swift; sourceTree = "<group>"; };
/* End PBXFileReference section */

/* Begin PBXFrameworksBuildPhase section */
		409D97902A864273007DA114 /* Frameworks */ = {
			isa = PBXFrameworksBuildPhase;
			buildActionMask = 2147483647;
			files = (
			);
			runOnlyForDeploymentPostprocessing = 0;
		};
/* End PBXFrameworksBuildPhase section */

/* Begin PBXGroup section */
		4044A99F2A8C136B00141458 /* Screens */ = {
			isa = PBXGroup;
			children = (
				409D97AA2A867B76007DA114 /* SearchVC.swift */,
				409D97AC2A867BC5007DA114 /* FavoritesListVC.swift */,
				40BB70312A88D51400E61630 /* FollowerListVC.swift */,
				4044B5482A91192F002AF13E /* UserInfoVC.swift */,
			);
			path = Screens;
			sourceTree = "<group>";
		};
		4044A9A02A8C13A200141458 /* Custom Views */ = {
			isa = PBXGroup;
			children = (
				40FAC3F22AA1D0C700EF1025 /* TabBarControllers */,
				40A2936C2A90A7000065B552 /* Labels */,
				40A2936B2A90A6E40065B552 /* ViewControllers */,
				40A2936A2A90A63A0065B552 /* ImageViews */,
				40A293692A90A6300065B552 /* TextFields */,
				40A293682A90A5ED0065B552 /* Buttons */,
				40A293672A90A5E20065B552 /* Views */,
				40F772452A8D23740002D6EF /* Cells */,
			);
			path = "Custom Views";
			sourceTree = "<group>";
		};
		4044A9A12A8C13D000141458 /* Extension */ = {
			isa = PBXGroup;
			children = (
				4044A99D2A8C114500141458 /* UIViewController+Ext.swift */,
				408652BA2A965CE200FC1D95 /* Date+Ext.swift */,
				408652BC2A965D1300FC1D95 /* String+Ext.swift */,
			);
			path = Extension;
			sourceTree = "<group>";
		};
		4044A9A22A8C141600141458 /* Support */ = {
			isa = PBXGroup;
			children = (
				409D97A12A864276007DA114 /* LaunchScreen.storyboard */,
				409D979F2A864276007DA114 /* Assets.xcassets */,
				409D97A42A864276007DA114 /* Info.plist */,
				409D97962A864273007DA114 /* AppDelegate.swift */,
				409D97982A864273007DA114 /* SceneDelegate.swift */,
			);
			path = Support;
			sourceTree = "<group>";
		};
		408652B92A96541F00FC1D95 /* ItemInfoVC */ = {
			isa = PBXGroup;
			children = (
				408652B32A9641F100FC1D95 /* GFItemInfoVC.swift */,
				408652B52A9649CE00FC1D95 /* GFRepoItemVC.swift */,
				408652B72A96538D00FC1D95 /* GFFollowerItemVC.swift */,
			);
			path = ItemInfoVC;
			sourceTree = "<group>";
		};
		409D978A2A864273007DA114 = {
			isa = PBXGroup;
			children = (
				409D97952A864273007DA114 /* GHFollowers */,
				409D97942A864273007DA114 /* Products */,
			);
			sourceTree = "<group>";
		};
		409D97942A864273007DA114 /* Products */ = {
			isa = PBXGroup;
			children = (
				409D97932A864273007DA114 /* GHFollowers.app */,
			);
			name = Products;
			sourceTree = "<group>";
		};
		409D97952A864273007DA114 /* GHFollowers */ = {
			isa = PBXGroup;
			children = (
				40F772422A8D0C120002D6EF /* Utilities */,
				409FCE692A8CBA7F007EAA46 /* Managers */,
				409FCE642A8CA8CE007EAA46 /* Model */,
				4044A9A22A8C141600141458 /* Support */,
				4044A9A12A8C13D000141458 /* Extension */,
				4044A9A02A8C13A200141458 /* Custom Views */,
				4044A99F2A8C136B00141458 /* Screens */,
			);
			path = GHFollowers;
			sourceTree = "<group>";
		};
		409FCE642A8CA8CE007EAA46 /* Model */ = {
			isa = PBXGroup;
			children = (
				409FCE652A8CA8ED007EAA46 /* Follower.swift */,
				409FCE672A8CA967007EAA46 /* User.swift */,
			);
			path = Model;
			sourceTree = "<group>";
		};
		409FCE692A8CBA7F007EAA46 /* Managers */ = {
			isa = PBXGroup;
			children = (
				409FCE6A2A8CBAA4007EAA46 /* NetworkManager.swift */,
				40E67A2C2A9E1CD2006520BC /* PersistanceManager.swift */,
			);
			path = Managers;
			sourceTree = "<group>";
		};
		40A293672A90A5E20065B552 /* Views */ = {
			isa = PBXGroup;
			children = (
				40A2936D2A90A7C00065B552 /* GFEmptyStateView.swift */,
				405716B02A953ACC001E145A /* GFItemInfoView.swift */,
			);
			path = Views;
			sourceTree = "<group>";
		};
		40A293682A90A5ED0065B552 /* Buttons */ = {
			isa = PBXGroup;
			children = (
				4088C0732A87833400A0EFB6 /* GFButton.swift */,
			);
			path = Buttons;
			sourceTree = "<group>";
		};
		40A293692A90A6300065B552 /* TextFields */ = {
			isa = PBXGroup;
			children = (
				4088C0752A87884400A0EFB6 /* GFTexField.swift */,
			);
			path = TextFields;
			sourceTree = "<group>";
		};
		40A2936A2A90A63A0065B552 /* ImageViews */ = {
			isa = PBXGroup;
			children = (
				40F772482A8D24790002D6EF /* GFAvatarImageView.swift */,
			);
			path = ImageViews;
			sourceTree = "<group>";
		};
		40A2936B2A90A6E40065B552 /* ViewControllers */ = {
			isa = PBXGroup;
			children = (
				408652B92A96541F00FC1D95 /* ItemInfoVC */,
				40524A532A8BB0ED00383907 /* GFAlertVC.swift */,
				402E685B2A9200170058643D /* GFUserInfoHeaderVC.swift */,
			);
			path = ViewControllers;
			sourceTree = "<group>";
		};
		40A2936C2A90A7000065B552 /* Labels */ = {
			isa = PBXGroup;
			children = (
				40BB70332A88E7C400E61630 /* GFTitleLabel.swift */,
				40BB70352A88EBA100E61630 /* GFBodyLabel.swift */,
				402E685D2A9200E40058643D /* GFSecondaryTitleLabel.swift */,
			);
			path = Labels;
			sourceTree = "<group>";
		};
		40F772422A8D0C120002D6EF /* Utilities */ = {
			isa = PBXGroup;
			children = (
				40F772432A8D0C2D0002D6EF /* GFError.swift */,
				40710EB12A8F5B26007BB2F2 /* UIHelper.swift */,
				40CEDE772A934F27009A2007 /* Constants.swift */,
			);
			path = Utilities;
			sourceTree = "<group>";
		};
		40F772452A8D23740002D6EF /* Cells */ = {
			isa = PBXGroup;
			children = (
				40F772462A8D23A20002D6EF /* FollowerCell.swift */,
				4026404A2AA08A0900CC9AF9 /* FavoriteCell.swift */,
			);
			path = Cells;
			sourceTree = "<group>";
		};
		40FAC3F22AA1D0C700EF1025 /* TabBarControllers */ = {
			isa = PBXGroup;
			children = (
				40FAC3F32AA1D10800EF1025 /* GFTabBarController.swift */,
			);
			path = TabBarControllers;
			sourceTree = "<group>";
		};
/* End PBXGroup section */

/* Begin PBXNativeTarget section */
		409D97922A864273007DA114 /* GHFollowers */ = {
			isa = PBXNativeTarget;
			buildConfigurationList = 409D97A72A864276007DA114 /* Build configuration list for PBXNativeTarget "GHFollowers" */;
			buildPhases = (
				409D978F2A864273007DA114 /* Sources */,
				409D97902A864273007DA114 /* Frameworks */,
				409D97912A864273007DA114 /* Resources */,
			);
			buildRules = (
			);
			dependencies = (
			);
			name = GHFollowers;
			productName = GHFollowers;
			productReference = 409D97932A864273007DA114 /* GHFollowers.app */;
			productType = "com.apple.product-type.application";
		};
/* End PBXNativeTarget section */

/* Begin PBXProject section */
		409D978B2A864273007DA114 /* Project object */ = {
			isa = PBXProject;
			attributes = {
				BuildIndependentTargetsInParallel = 1;
				LastSwiftUpdateCheck = 1420;
				LastUpgradeCheck = 1420;
				TargetAttributes = {
					409D97922A864273007DA114 = {
						CreatedOnToolsVersion = 14.2;
					};
				};
			};
			buildConfigurationList = 409D978E2A864273007DA114 /* Build configuration list for PBXProject "GHFollowers" */;
			compatibilityVersion = "Xcode 14.0";
			developmentRegion = en;
			hasScannedForEncodings = 0;
			knownRegions = (
				en,
				Base,
			);
			mainGroup = 409D978A2A864273007DA114;
			productRefGroup = 409D97942A864273007DA114 /* Products */;
			projectDirPath = "";
			projectRoot = "";
			targets = (
				409D97922A864273007DA114 /* GHFollowers */,
			);
		};
/* End PBXProject section */

/* Begin PBXResourcesBuildPhase section */
		409D97912A864273007DA114 /* Resources */ = {
			isa = PBXResourcesBuildPhase;
			buildActionMask = 2147483647;
			files = (
				409D97A32A864276007DA114 /* LaunchScreen.storyboard in Resources */,
				409D97A02A864276007DA114 /* Assets.xcassets in Resources */,
			);
			runOnlyForDeploymentPostprocessing = 0;
		};
/* End PBXResourcesBuildPhase section */

/* Begin PBXSourcesBuildPhase section */
		409D978F2A864273007DA114 /* Sources */ = {
			isa = PBXSourcesBuildPhase;
			buildActionMask = 2147483647;
			files = (
				409FCE682A8CA967007EAA46 /* User.swift in Sources */,
				409D97AD2A867BC5007DA114 /* FavoritesListVC.swift in Sources */,
				4088C0762A87884400A0EFB6 /* GFTexField.swift in Sources */,
				408652BD2A965D1300FC1D95 /* String+Ext.swift in Sources */,
				4088C0742A87833400A0EFB6 /* GFButton.swift in Sources */,
				4044A99E2A8C114500141458 /* UIViewController+Ext.swift in Sources */,
				40710EB22A8F5B26007BB2F2 /* UIHelper.swift in Sources */,
				408652B42A9641F200FC1D95 /* GFItemInfoVC.swift in Sources */,
				40CEDE782A934F27009A2007 /* Constants.swift in Sources */,
				40F772492A8D24790002D6EF /* GFAvatarImageView.swift in Sources */,
				409D97AB2A867B76007DA114 /* SearchVC.swift in Sources */,
				40524A542A8BB0EE00383907 /* GFAlertVC.swift in Sources */,
				408652B82A96538D00FC1D95 /* GFFollowerItemVC.swift in Sources */,
				405716B12A953ACC001E145A /* GFItemInfoView.swift in Sources */,
				4026404B2AA08A0900CC9AF9 /* FavoriteCell.swift in Sources */,
				40F772472A8D23A20002D6EF /* FollowerCell.swift in Sources */,
				40FAC3F42AA1D10800EF1025 /* GFTabBarController.swift in Sources */,
				40E67A2D2A9E1CD2006520BC /* PersistanceManager.swift in Sources */,
				40F772442A8D0C2D0002D6EF /* GFError.swift in Sources */,
				402E685C2A9200170058643D /* GFUserInfoHeaderVC.swift in Sources */,
				40BB70362A88EBA100E61630 /* GFBodyLabel.swift in Sources */,
				409FCE662A8CA8ED007EAA46 /* Follower.swift in Sources */,
				40BB70342A88E7C400E61630 /* GFTitleLabel.swift in Sources */,
				408652BB2A965CE200FC1D95 /* Date+Ext.swift in Sources */,
				402E685E2A9200E40058643D /* GFSecondaryTitleLabel.swift in Sources */,
				40A2936E2A90A7C00065B552 /* GFEmptyStateView.swift in Sources */,
				409FCE6B2A8CBAA4007EAA46 /* NetworkManager.swift in Sources */,
				40BB70322A88D51400E61630 /* FollowerListVC.swift in Sources */,
				409D97972A864273007DA114 /* AppDelegate.swift in Sources */,
				409D97992A864273007DA114 /* SceneDelegate.swift in Sources */,
				408652B62A9649CE00FC1D95 /* GFRepoItemVC.swift in Sources */,
				4044B5492A91192F002AF13E /* UserInfoVC.swift in Sources */,
			);
			runOnlyForDeploymentPostprocessing = 0;
		};
/* End PBXSourcesBuildPhase section */

/* Begin PBXVariantGroup section */
		409D97A12A864276007DA114 /* LaunchScreen.storyboard */ = {
			isa = PBXVariantGroup;
			children = (
				409D97A22A864276007DA114 /* Base */,
			);
			name = LaunchScreen.storyboard;
			sourceTree = "<group>";
		};
/* End PBXVariantGroup section */

/* Begin XCBuildConfiguration section */
		409D97A52A864276007DA114 /* Debug */ = {
			isa = XCBuildConfiguration;
			buildSettings = {
				ALWAYS_SEARCH_USER_PATHS = NO;
				CLANG_ANALYZER_NONNULL = YES;
				CLANG_ANALYZER_NUMBER_OBJECT_CONVERSION = YES_AGGRESSIVE;
				CLANG_CXX_LANGUAGE_STANDARD = "gnu++20";
				CLANG_ENABLE_MODULES = YES;
				CLANG_ENABLE_OBJC_ARC = YES;
				CLANG_ENABLE_OBJC_WEAK = YES;
				CLANG_WARN_BLOCK_CAPTURE_AUTORELEASING = YES;
				CLANG_WARN_BOOL_CONVERSION = YES;
				CLANG_WARN_COMMA = YES;
				CLANG_WARN_CONSTANT_CONVERSION = YES;
				CLANG_WARN_DEPRECATED_OBJC_IMPLEMENTATIONS = YES;
				CLANG_WARN_DIRECT_OBJC_ISA_USAGE = YES_ERROR;
				CLANG_WARN_DOCUMENTATION_COMMENTS = YES;
				CLANG_WARN_EMPTY_BODY = YES;
				CLANG_WARN_ENUM_CONVERSION = YES;
				CLANG_WARN_INFINITE_RECURSION = YES;
				CLANG_WARN_INT_CONVERSION = YES;
				CLANG_WARN_NON_LITERAL_NULL_CONVERSION = YES;
				CLANG_WARN_OBJC_IMPLICIT_RETAIN_SELF = YES;
				CLANG_WARN_OBJC_LITERAL_CONVERSION = YES;
				CLANG_WARN_OBJC_ROOT_CLASS = YES_ERROR;
				CLANG_WARN_QUOTED_INCLUDE_IN_FRAMEWORK_HEADER = YES;
				CLANG_WARN_RANGE_LOOP_ANALYSIS = YES;
				CLANG_WARN_STRICT_PROTOTYPES = YES;
				CLANG_WARN_SUSPICIOUS_MOVE = YES;
				CLANG_WARN_UNGUARDED_AVAILABILITY = YES_AGGRESSIVE;
				CLANG_WARN_UNREACHABLE_CODE = YES;
				CLANG_WARN__DUPLICATE_METHOD_MATCH = YES;
				COPY_PHASE_STRIP = NO;
				DEBUG_INFORMATION_FORMAT = dwarf;
				ENABLE_STRICT_OBJC_MSGSEND = YES;
				ENABLE_TESTABILITY = YES;
				GCC_C_LANGUAGE_STANDARD = gnu11;
				GCC_DYNAMIC_NO_PIC = NO;
				GCC_NO_COMMON_BLOCKS = YES;
				GCC_OPTIMIZATION_LEVEL = 0;
				GCC_PREPROCESSOR_DEFINITIONS = (
					"DEBUG=1",
					"$(inherited)",
				);
				GCC_WARN_64_TO_32_BIT_CONVERSION = YES;
				GCC_WARN_ABOUT_RETURN_TYPE = YES_ERROR;
				GCC_WARN_UNDECLARED_SELECTOR = YES;
				GCC_WARN_UNINITIALIZED_AUTOS = YES_AGGRESSIVE;
				GCC_WARN_UNUSED_FUNCTION = YES;
				GCC_WARN_UNUSED_VARIABLE = YES;
				IPHONEOS_DEPLOYMENT_TARGET = 16.2;
				MTL_ENABLE_DEBUG_INFO = INCLUDE_SOURCE;
				MTL_FAST_MATH = YES;
				ONLY_ACTIVE_ARCH = YES;
				SDKROOT = iphoneos;
				SWIFT_ACTIVE_COMPILATION_CONDITIONS = DEBUG;
				SWIFT_OPTIMIZATION_LEVEL = "-Onone";
			};
			name = Debug;
		};
		409D97A62A864276007DA114 /* Release */ = {
			isa = XCBuildConfiguration;
			buildSettings = {
				ALWAYS_SEARCH_USER_PATHS = NO;
				CLANG_ANALYZER_NONNULL = YES;
				CLANG_ANALYZER_NUMBER_OBJECT_CONVERSION = YES_AGGRESSIVE;
				CLANG_CXX_LANGUAGE_STANDARD = "gnu++20";
				CLANG_ENABLE_MODULES = YES;
				CLANG_ENABLE_OBJC_ARC = YES;
				CLANG_ENABLE_OBJC_WEAK = YES;
				CLANG_WARN_BLOCK_CAPTURE_AUTORELEASING = YES;
				CLANG_WARN_BOOL_CONVERSION = YES;
				CLANG_WARN_COMMA = YES;
				CLANG_WARN_CONSTANT_CONVERSION = YES;
				CLANG_WARN_DEPRECATED_OBJC_IMPLEMENTATIONS = YES;
				CLANG_WARN_DIRECT_OBJC_ISA_USAGE = YES_ERROR;
				CLANG_WARN_DOCUMENTATION_COMMENTS = YES;
				CLANG_WARN_EMPTY_BODY = YES;
				CLANG_WARN_ENUM_CONVERSION = YES;
				CLANG_WARN_INFINITE_RECURSION = YES;
				CLANG_WARN_INT_CONVERSION = YES;
				CLANG_WARN_NON_LITERAL_NULL_CONVERSION = YES;
				CLANG_WARN_OBJC_IMPLICIT_RETAIN_SELF = YES;
				CLANG_WARN_OBJC_LITERAL_CONVERSION = YES;
				CLANG_WARN_OBJC_ROOT_CLASS = YES_ERROR;
				CLANG_WARN_QUOTED_INCLUDE_IN_FRAMEWORK_HEADER = YES;
				CLANG_WARN_RANGE_LOOP_ANALYSIS = YES;
				CLANG_WARN_STRICT_PROTOTYPES = YES;
				CLANG_WARN_SUSPICIOUS_MOVE = YES;
				CLANG_WARN_UNGUARDED_AVAILABILITY = YES_AGGRESSIVE;
				CLANG_WARN_UNREACHABLE_CODE = YES;
				CLANG_WARN__DUPLICATE_METHOD_MATCH = YES;
				COPY_PHASE_STRIP = NO;
				DEBUG_INFORMATION_FORMAT = "dwarf-with-dsym";
				ENABLE_NS_ASSERTIONS = NO;
				ENABLE_STRICT_OBJC_MSGSEND = YES;
				GCC_C_LANGUAGE_STANDARD = gnu11;
				GCC_NO_COMMON_BLOCKS = YES;
				GCC_WARN_64_TO_32_BIT_CONVERSION = YES;
				GCC_WARN_ABOUT_RETURN_TYPE = YES_ERROR;
				GCC_WARN_UNDECLARED_SELECTOR = YES;
				GCC_WARN_UNINITIALIZED_AUTOS = YES_AGGRESSIVE;
				GCC_WARN_UNUSED_FUNCTION = YES;
				GCC_WARN_UNUSED_VARIABLE = YES;
				IPHONEOS_DEPLOYMENT_TARGET = 16.2;
				MTL_ENABLE_DEBUG_INFO = NO;
				MTL_FAST_MATH = YES;
				SDKROOT = iphoneos;
				SWIFT_COMPILATION_MODE = wholemodule;
				SWIFT_OPTIMIZATION_LEVEL = "-O";
				VALIDATE_PRODUCT = YES;
			};
			name = Release;
		};
		409D97A82A864276007DA114 /* Debug */ = {
			isa = XCBuildConfiguration;
			buildSettings = {
				ASSETCATALOG_COMPILER_APPICON_NAME = AppIcon;
				ASSETCATALOG_COMPILER_GLOBAL_ACCENT_COLOR_NAME = AccentColor;
				CODE_SIGN_STYLE = Automatic;
				CURRENT_PROJECT_VERSION = 1;
				DEVELOPMENT_TEAM = M7D3GWZL49;
				GENERATE_INFOPLIST_FILE = YES;
				INFOPLIST_FILE = GHFollowers/Support/Info.plist;
				INFOPLIST_KEY_UIApplicationSupportsIndirectInputEvents = YES;
				INFOPLIST_KEY_UILaunchStoryboardName = LaunchScreen;
				INFOPLIST_KEY_UISupportedInterfaceOrientations = UIInterfaceOrientationPortrait;
				INFOPLIST_KEY_UISupportedInterfaceOrientations_iPad = "UIInterfaceOrientationLandscapeLeft UIInterfaceOrientationLandscapeRight UIInterfaceOrientationPortrait UIInterfaceOrientationPortraitUpsideDown";
				LD_RUNPATH_SEARCH_PATHS = (
					"$(inherited)",
					"@executable_path/Frameworks",
				);
				MARKETING_VERSION = 1.0;
				PRODUCT_BUNDLE_IDENTIFIER = com.joelstorr.GHFollowers;
				PRODUCT_NAME = "$(TARGET_NAME)";
				SWIFT_EMIT_LOC_STRINGS = YES;
				SWIFT_VERSION = 5.0;
				TARGETED_DEVICE_FAMILY = "1,2";
			};
			name = Debug;
		};
		409D97A92A864276007DA114 /* Release */ = {
			isa = XCBuildConfiguration;
			buildSettings = {
				ASSETCATALOG_COMPILER_APPICON_NAME = AppIcon;
				ASSETCATALOG_COMPILER_GLOBAL_ACCENT_COLOR_NAME = AccentColor;
				CODE_SIGN_STYLE = Automatic;
				CURRENT_PROJECT_VERSION = 1;
				DEVELOPMENT_TEAM = M7D3GWZL49;
				GENERATE_INFOPLIST_FILE = YES;
				INFOPLIST_FILE = GHFollowers/Support/Info.plist;
				INFOPLIST_KEY_UIApplicationSupportsIndirectInputEvents = YES;
				INFOPLIST_KEY_UILaunchStoryboardName = LaunchScreen;
				INFOPLIST_KEY_UISupportedInterfaceOrientations = UIInterfaceOrientationPortrait;
				INFOPLIST_KEY_UISupportedInterfaceOrientations_iPad = "UIInterfaceOrientationLandscapeLeft UIInterfaceOrientationLandscapeRight UIInterfaceOrientationPortrait UIInterfaceOrientationPortraitUpsideDown";
				LD_RUNPATH_SEARCH_PATHS = (
					"$(inherited)",
					"@executable_path/Frameworks",
				);
				MARKETING_VERSION = 1.0;
				PRODUCT_BUNDLE_IDENTIFIER = com.joelstorr.GHFollowers;
				PRODUCT_NAME = "$(TARGET_NAME)";
				SWIFT_EMIT_LOC_STRINGS = YES;
				SWIFT_VERSION = 5.0;
				TARGETED_DEVICE_FAMILY = "1,2";
			};
			name = Release;
		};
/* End XCBuildConfiguration section */

/* Begin XCConfigurationList section */
		409D978E2A864273007DA114 /* Build configuration list for PBXProject "GHFollowers" */ = {
			isa = XCConfigurationList;
			buildConfigurations = (
				409D97A52A864276007DA114 /* Debug */,
				409D97A62A864276007DA114 /* Release */,
			);
			defaultConfigurationIsVisible = 0;
			defaultConfigurationName = Release;
		};
		409D97A72A864276007DA114 /* Build configuration list for PBXNativeTarget "GHFollowers" */ = {
			isa = XCConfigurationList;
			buildConfigurations = (
				409D97A82A864276007DA114 /* Debug */,
				409D97A92A864276007DA114 /* Release */,
			);
			defaultConfigurationIsVisible = 0;
			defaultConfigurationName = Release;
		};
/* End XCConfigurationList section */
	};
	rootObject = 409D978B2A864273007DA114 /* Project object */;
}
